# THIS IS AN AUTOGENERATED FILE. DO NOT EDIT THIS FILE DIRECTLY.
# yarn lockfile v1


"@oxc-project/types@=0.143.0":
  version "0.143.0"
  resolved "https://registry.npmjs.org/@oxc-project/types/-/types-0.143.0.tgz"
  integrity sha512-u6JZdLBTLotrNC9Vd6vPssINdzcCzleKAH6EJKImQb7GtYvX5keN2dxkoK44stCc4tffE6QQRtZTXVSzsLUlWA==

"@remix-run/router@1.23.3":
  version "1.23.3"
  resolved "https://registry.npmjs.org/@remix-run/router/-/router-1.23.3.tgz"
  integrity sha512-4An71tdz9X8+3sI4Qqqd2LWd9vS39J7sqd9EU4Scw7TJE/qB10Flv/UuqbPVgfQV9XoK8Np6jNquZitnZq5i+Q==

"@rolldown/binding-win32-x64-msvc@1.2.3":
  version "1.2.3"
  resolved "https://registry.npmjs.org/@rolldown/binding-win32-x64-msvc/-/binding-win32-x64-msvc-1.2.3.tgz"
  integrity sha512-ekcqMMkI2PlhYnfzQnB/cEdYUVVJViWvoUyLrbzgDoi3Snfc1mVBwdnc306ufA5ejy8JSPjT2RlW1nQSjW7efg==

"@rolldown/pluginutils@^1.0.0", "@rolldown/pluginutils@^1.0.1":
  version "1.0.1"
  resolved "https://registry.npmjs.org/@rolldown/pluginutils/-/pluginutils-1.0.1.tgz"
  integrity sha512-2j9bGt5Jh8hj+vPtgzPtl72j0yRxHAyumoo6TNfAjsLB04UtpSvPbPcDcBMxz7n+9CYB0c1GxQFxYRg2jimqGw==

"@vitejs/plugin-react@^6.0.5":
  version "6.0.5"
  resolved "https://registry.npmjs.org/@vitejs/plugin-react/-/plugin-react-6.0.5.tgz"
  integrity sha512-BOVzne/NL162sMdResB25mUv+vWMF5NoAjNf09TeGlE7ZpszZWSD3winycicLJw72yeVsoCn/2kOhEuCvEShMA==
  dependencies:
    "@rolldown/pluginutils" "^1.0.1"

detect-libc@^2.0.3:
  version "2.1.2"
  resolved "https://registry.npmjs.org/detect-libc/-/detect-libc-2.1.2.tgz"
  integrity sha512-Btj2BOOO83o3WyH59e8MgXsxEQVcarkUOpEYrubB0urwnN10yQ364rsiByU11nZlqWYZm05i/of7io4mzihBtQ==

fdir@^6.5.0:
  version "6.5.0"
  resolved "https://registry.npmjs.org/fdir/-/fdir-6.5.0.tgz"
  integrity sha512-tIbYtZbucOs0BRGqPJkshJUYdL+SDH7dVM8gjy+ERp3WAUjLEFJE+02kanyHtwjWOnwrKYBiwAmM0p4kLJAnXg==

"js-tokens@^3.0.0 || ^4.0.0":
  version "4.0.0"
  resolved "https://registry.npmjs.org/js-tokens/-/js-tokens-4.0.0.tgz"
  integrity sha512-RdJUflcE3cUzKiMqQgsCu06FPu9UdIJO0beYbPhHN4k6apgJtifcoCtT9bcxOpYBtpD2kCM6Sbzg4CausW/PKQ==

lightningcss-win32-x64-msvc@1.33.0:
  version "1.33.0"
  resolved "https://registry.npmjs.org/lightningcss-win32-x64-msvc/-/lightningcss-win32-x64-msvc-1.33.0.tgz"
  integrity sha512-OlEICDx/Xl0FqSp4bry8zFnCvGpig3Gl4gCquvYwHuqJKEC1+n9NgDniFvqHGmMv1ZkqDJrDqKKSykTDX+ehuA==

lightningcss@^1.33.0:
  version "1.33.0"
  resolved "https://registry.npmjs.org/lightningcss/-/lightningcss-1.33.0.tgz"
  integrity sha512-WkUDrojuJs0xkgGf2udWxa3yGBRxPtxUkB79i6aCZLRgc7PM8fZe9TosfPDcvEpQZbuFASnHYmRLBLUbmLOIIA==
  dependencies:
    detect-libc "^2.0.3"
  optionalDependencies:
    lightningcss-android-arm64 "1.33.0"
    lightningcss-darwin-arm64 "1.33.0"
    lightningcss-darwin-x64 "1.33.0"
    lightningcss-freebsd-x64 "1.33.0"
    lightningcss-linux-arm-gnueabihf "1.33.0"
    lightningcss-linux-arm64-gnu "1.33.0"
    lightningcss-linux-arm64-musl "1.33.0"
    lightningcss-linux-x64-gnu "1.33.0"
    lightningcss-linux-x64-musl "1.33.0"
    lightningcss-win32-arm64-msvc "1.33.0"
    lightningcss-win32-x64-msvc "1.33.0"

loose-envify@^1.1.0:
  version "1.4.0"
  resolved "https://registry.npmjs.org/loose-envify/-/loose-envify-1.4.0.tgz"
  integrity sha512-lyuxPGr/Wfhrlem2CL/UcnUc1zcqKAImBDzukY7Y5F/yQiNdko6+fRLevlw1HgMySw7f611UIY408EtxRSoK3Q==
  dependencies:
    js-tokens "^3.0.0 || ^4.0.0"

lucide-react@^0.469.0:
  version "0.469.0"
  resolved "https://registry.npmjs.org/lucide-react/-/lucide-react-0.469.0.tgz"
  integrity sha512-28vvUnnKQ/dBwiCQtwJw7QauYnE7yd2Cyp4tTTJpvglX4EMpbflcdBgrgToX2j71B3YvugK/NH3BGUk+E/p/Fw==

nanoid@^3.3.17:
  version "3.3.17"
  resolved "https://registry.npmjs.org/nanoid/-/nanoid-3.3.17.tgz"
  integrity sha512-xQLf0A3HOMlgHq0n247/LRuAOYmB7dXJ/DvAxGvsSBij45XtBSmQycu+F8ODbHwns/XyFZagyL1+J0Offw1E0g==

picocolors@^1.1.1:
  version "1.1.1"
  resolved "https://registry.npmjs.org/picocolors/-/picocolors-1.1.1.tgz"
  integrity sha512-xceH2snhtb5M9liqDsmEw56le376mTZkEX/jEb/RxNFyegNul7eNslCXP9FDj/Lcu0X8KEyMceP2ntpaHrDEVA==

"picomatch@^3 || ^4", picomatch@^4.0.4, picomatch@^4.0.5:
  version "4.0.5"
  resolved "https://registry.npmjs.org/picomatch/-/picomatch-4.0.5.tgz"
  integrity sha512-RvwwcruNjI1ncT5xRakeyS9Lf8lcItv34KD+aif+VH9kduAyfYBipGh12274xtenIPZ119/R9BdTBa8gAwSh0A==

postcss@^8.5.25:
  version "8.5.26"
  resolved "https://registry.npmjs.org/postcss/-/postcss-8.5.26.tgz"
  integrity sha512-u82N74LFzG8ca+dD8puPnplTXoGH4fTPpVGuIbt36G3qvNlkvfD0lEAZSxaly3KX8TS/L1A1gsCEmvKmBcVbkQ==
  dependencies:
    nanoid "^3.3.17"
    picocolors "^1.1.1"
    source-map-js "^1.2.1"

react-dom@^18.3.1, react-dom@>=16.8:
  version "18.3.1"
  resolved "https://registry.npmjs.org/react-dom/-/react-dom-18.3.1.tgz"
  integrity sha512-5m4nQKp+rZRb09LNH59GM4BxTh9251/ylbKIbpe7TpGxfJ+9kv6BLkLBXIjjspbgbnIBNqlI23tRnTWT0snUIw==
  dependencies:
    loose-envify "^1.1.0"
    scheduler "^0.23.2"

react-router-dom@^6.28.0:
  version "6.30.4"
  resolved "https://registry.npmjs.org/react-router-dom/-/react-router-dom-6.30.4.tgz"
  integrity sha512-q4HvNl+mmDdkS0g+MqiBZNteQJCuimWoOyHMy4T/RQLAn9Z29+E91QXRaxOujeMl2HTzRSS0KFPd7lxX3PjV0Q==
  dependencies:
    "@remix-run/router" "1.23.3"
    react-router "6.30.4"

react-router@6.30.4:
  version "6.30.4"
  resolved "https://registry.npmjs.org/react-router/-/react-router-6.30.4.tgz"
  integrity sha512-SVUsDe+DybHM/WmYKIVYhZh1o5Dcuf16yM6WjG02Q9XVFMZIJyHYhwrr6bFBXZkVP6z69kNkMyBCujt8FaFLJA==
  dependencies:
    "@remix-run/router" "1.23.3"

"react@^16.5.1 || ^17.0.0 || ^18.0.0 || ^19.0.0", react@^18.3.1, react@>=16.8:
  version "18.3.1"
  resolved "https://registry.npmjs.org/react/-/react-18.3.1.tgz"
  integrity sha512-wS+hAgJShR0KhEvPJArfuPVN1+Hz1t0Y6n5jLrGQbkb4urgPE/0Rve+1kMB1v/oWgHgm4WIcV+i7F2pTVj+2iQ==
  dependencies:
    loose-envify "^1.1.0"

rolldown@~1.2.1:
  version "1.2.3"
  resolved "https://registry.npmjs.org/rolldown/-/rolldown-1.2.3.tgz"
  integrity sha512-rn9wpmxplLf7NLNyCk9FyWh3FM43DbY8jOzCdEPzH7uflhTftRbCEpqi6Ly2osgoU8OwObtmavMbWLaWy4LX7A==
  dependencies:
    "@oxc-project/types" "=0.143.0"
    "@rolldown/pluginutils" "^1.0.0"
  optionalDependencies:
    "@rolldown/binding-android-arm64" "1.2.3"
    "@rolldown/binding-darwin-arm64" "1.2.3"
    "@rolldown/binding-darwin-x64" "1.2.3"
    "@rolldown/binding-freebsd-x64" "1.2.3"
    "@rolldown/binding-linux-arm-gnueabihf" "1.2.3"
    "@rolldown/binding-linux-arm64-gnu" "1.2.3"
    "@rolldown/binding-linux-arm64-musl" "1.2.3"
    "@rolldown/binding-linux-ppc64-gnu" "1.2.3"
    "@rolldown/binding-linux-s390x-gnu" "1.2.3"
    "@rolldown/binding-linux-x64-gnu" "1.2.3"
    "@rolldown/binding-linux-x64-musl" "1.2.3"
    "@rolldown/binding-openharmony-arm64" "1.2.3"
    "@rolldown/binding-win32-arm64-msvc" "1.2.3"
    "@rolldown/binding-win32-x64-msvc" "1.2.3"

scheduler@^0.23.2:
  version "0.23.2"
  resolved "https://registry.npmjs.org/scheduler/-/scheduler-0.23.2.tgz"
  integrity sha512-UOShsPwz7NrMUqhR6t0hWjFduvOzbtv7toDH1/hIrfRNIDBnnBWd0CwJTGvTpngVlmwGCdP9/Zl/tVrDqcuYzQ==
  dependencies:
    loose-envify "^1.1.0"

source-map-js@^1.2.1:
  version "1.2.1"
  resolved "https://registry.npmjs.org/source-map-js/-/source-map-js-1.2.1.tgz"
  integrity sha512-UXWMKhLOwVKb728IUtQPXxfYU+usdybtUrK/8uGE8CQMvrhOpwvzDBwj0QhSL7MQc7vIsISBG8VQ8+IDQxpfQA==

tinyglobby@^0.2.17:
  version "0.2.17"
  resolved "https://registry.npmjs.org/tinyglobby/-/tinyglobby-0.2.17.tgz"
  integrity sha512-wXR/dYpcqKmfWpEdZjiKJOwCNFndD0DMnrW/cYjVGttEkBfVgcLFHoNrlj47mjOVic9yyNu65alsgF4NQyTa2g==
  dependencies:
    fdir "^6.5.0"
    picomatch "^4.0.4"

vite@^8.0.0, vite@^8.2.1:
  version "8.2.1"
  resolved "https://registry.npmjs.org/vite/-/vite-8.2.1.tgz"
  integrity sha512-EU/eS7BH3XROHh2YnBefjM6DBKA6ZeMZEYQbj7NLWg5wHYlhB8B/Mayd5XsgWq+NFYccDOTemRpdETWR6Ka/lw==
  dependencies:
    lightningcss "^1.33.0"
    picomatch "^4.0.5"
    postcss "^8.5.25"
    rolldown "~1.2.1"
    tinyglobby "^0.2.17"
  optionalDependencies:
    fsevents "~2.3.3"
